
Microsoft Visual Studio Solution File, Format Version 12.00
# Visual Studio 15
VisualStudioVersion = 15.0.27703.2035
MinimumVisualStudioVersion = 10.0.40219.1
Project("{FAE04EC0-301F-11D3-BF4B-00C04F79EFBC}") = "QTRHacker", "QTRHacker\QTRHacker.csproj", "{F3674764-1E03-457D-9F1D-CC92040EE107}"
EndProject
Global
	GlobalSection(SolutionConfigurationPlatforms) = preSolution
		Debug|Any CPU = Debug|Any CPU
		Release|Any CPU = Release|Any CPU
	EndGlobalSection
	GlobalSection(ProjectConfigurationPlatforms) = postSolution
		{F3674764-1E03-457D-9F1D-CC92040EE107}.Debug|Any CPU.ActiveCfg = Debug|Any CPU
		{F3674764-1E03-457D-9F1D-CC92040EE107}.Debug|Any CPU.Build.0 = Debug|Any CPU
		{F3674764-1E03-457D-9F1D-CC92040EE107}.Release|Any CPU.ActiveCfg = Release|Any CPU
		{F3674764-1E03-457D-9F1D-CC92040EE107}.Release|Any CPU.Build.0 = Release|Any CPU
	EndGlobalSection
	GlobalSection(SolutionProperties) = preSolution
		HideSolutionNode = FALSE
	EndGlobalSection
	GlobalSection(ExtensibilityGlobals) = postSolution
		SolutionGuid = {3768B07E-B9FE-42B6-8209-844B166F647A}
	EndGlobalSection
EndGlobal
