
Microsoft Visual Studio Solution File, Format Version 12.00
# Visual Studio Version 17
VisualStudioVersion = 17.0.32014.148
MinimumVisualStudioVersion = 10.0.40219.1
Project("{9A19103F-16F7-4668-BE54-9A1E7A4F7556}") = "GameDataExporter", "src\GameDataExporter\GameDataExporter.csproj", "{6BE8BB89-E7E0-49D6-BEAC-02CF09E7627F}"
EndProject
Project("{8BC9CEB8-8B4A-11D0-8D11-00A0C91BC942}") = "QHackCLR", "src\QHackCLR\QHackCLR.vcxproj", "{4944FB86-95C2-4F45-BD72-29917A65E997}"
EndProject
Project("{9A19103F-16F7-4668-BE54-9A1E7A4F7556}") = "QHackLib", "src\QHackLib\QHackLib.csproj", "{61EA2FEE-9135-4855-B699-EB74731F57A4}"
EndProject
Project("{9A19103F-16F7-4668-BE54-9A1E7A4F7556}") = "QTRHacker.Functions", "src\QTRHacker.Functions\QTRHacker.Functions.csproj", "{6C367E9E-E1E2-4247-ABA2-C7D1C82804ED}"
EndProject
Project("{9A19103F-16F7-4668-BE54-9A1E7A4F7556}") = "QTRHacker.Patches", "src\QTRHacker.Patches\QTRHacker.Patches.csproj", "{CE0330C6-9C1C-45CF-90C0-AE98F78E4881}"
EndProject
Project("{9A19103F-16F7-4668-BE54-9A1E7A4F7556}") = "QTRHacker.Functions.Test", "src\QTRHacker.Functions.Test\QTRHacker.Functions.Test.csproj", "{C9F17D0E-5E21-48D9-A6CE-2F8CC15734A3}"
EndProject
Project("{9A19103F-16F7-4668-BE54-9A1E7A4F7556}") = "QTRHacker", "src\QTRHacker\QTRHacker.csproj", "{74830AC9-9304-4ED0-86B2-9B6E40F6EBEA}"
EndProject
Project("{9A19103F-16F7-4668-BE54-9A1E7A4F7556}") = "RainbowFontsMaker", "src\RainbowFontsMaker\RainbowFontsMaker.csproj", "{95F6F23E-5623-4159-BF5A-8D9AB53DF807}"
EndProject
Project("{9A19103F-16F7-4668-BE54-9A1E7A4F7556}") = "Keystone.Net", "src\Keystone.Net\Keystone.Net.csproj", "{464CD179-FE10-48A4-B71A-D9AAD5D7EF43}"
EndProject
Global
	GlobalSection(SolutionConfigurationPlatforms) = preSolution
		Debug|x86 = Debug|x86
		Release|x86 = Release|x86
	EndGlobalSection
	GlobalSection(ProjectConfigurationPlatforms) = postSolution
		{6BE8BB89-E7E0-49D6-BEAC-02CF09E7627F}.Debug|x86.ActiveCfg = Debug|Any CPU
		{6BE8BB89-E7E0-49D6-BEAC-02CF09E7627F}.Debug|x86.Build.0 = Debug|Any CPU
		{6BE8BB89-E7E0-49D6-BEAC-02CF09E7627F}.Release|x86.ActiveCfg = Release|Any CPU
		{6BE8BB89-E7E0-49D6-BEAC-02CF09E7627F}.Release|x86.Build.0 = Release|Any CPU
		{4944FB86-95C2-4F45-BD72-29917A65E997}.Debug|x86.ActiveCfg = Debug|Win32
		{4944FB86-95C2-4F45-BD72-29917A65E997}.Debug|x86.Build.0 = Debug|Win32
		{4944FB86-95C2-4F45-BD72-29917A65E997}.Release|x86.ActiveCfg = Release|Win32
		{4944FB86-95C2-4F45-BD72-29917A65E997}.Release|x86.Build.0 = Release|Win32
		{61EA2FEE-9135-4855-B699-EB74731F57A4}.Debug|x86.ActiveCfg = Debug|Any CPU
		{61EA2FEE-9135-4855-B699-EB74731F57A4}.Debug|x86.Build.0 = Debug|Any CPU
		{61EA2FEE-9135-4855-B699-EB74731F57A4}.Release|x86.ActiveCfg = Release|Any CPU
		{61EA2FEE-9135-4855-B699-EB74731F57A4}.Release|x86.Build.0 = Release|Any CPU
		{6C367E9E-E1E2-4247-ABA2-C7D1C82804ED}.Debug|x86.ActiveCfg = Debug|Any CPU
		{6C367E9E-E1E2-4247-ABA2-C7D1C82804ED}.Debug|x86.Build.0 = Debug|Any CPU
		{6C367E9E-E1E2-4247-ABA2-C7D1C82804ED}.Release|x86.ActiveCfg = Release|Any CPU
		{6C367E9E-E1E2-4247-ABA2-C7D1C82804ED}.Release|x86.Build.0 = Release|Any CPU
		{CE0330C6-9C1C-45CF-90C0-AE98F78E4881}.Debug|x86.ActiveCfg = Debug|Any CPU
		{CE0330C6-9C1C-45CF-90C0-AE98F78E4881}.Debug|x86.Build.0 = Debug|Any CPU
		{CE0330C6-9C1C-45CF-90C0-AE98F78E4881}.Release|x86.ActiveCfg = Release|Any CPU
		{CE0330C6-9C1C-45CF-90C0-AE98F78E4881}.Release|x86.Build.0 = Release|Any CPU
		{C9F17D0E-5E21-48D9-A6CE-2F8CC15734A3}.Debug|x86.ActiveCfg = Debug|Any CPU
		{C9F17D0E-5E21-48D9-A6CE-2F8CC15734A3}.Debug|x86.Build.0 = Debug|Any CPU
		{C9F17D0E-5E21-48D9-A6CE-2F8CC15734A3}.Release|x86.ActiveCfg = Release|Any CPU
		{C9F17D0E-5E21-48D9-A6CE-2F8CC15734A3}.Release|x86.Build.0 = Release|Any CPU
		{74830AC9-9304-4ED0-86B2-9B6E40F6EBEA}.Debug|x86.ActiveCfg = Debug|Any CPU
		{74830AC9-9304-4ED0-86B2-9B6E40F6EBEA}.Debug|x86.Build.0 = Debug|Any CPU
		{74830AC9-9304-4ED0-86B2-9B6E40F6EBEA}.Release|x86.ActiveCfg = Release|Any CPU
		{74830AC9-9304-4ED0-86B2-9B6E40F6EBEA}.Release|x86.Build.0 = Release|Any CPU
		{95F6F23E-5623-4159-BF5A-8D9AB53DF807}.Debug|x86.ActiveCfg = Debug|Any CPU
		{95F6F23E-5623-4159-BF5A-8D9AB53DF807}.Debug|x86.Build.0 = Debug|Any CPU
		{95F6F23E-5623-4159-BF5A-8D9AB53DF807}.Release|x86.ActiveCfg = Release|Any CPU
		{95F6F23E-5623-4159-BF5A-8D9AB53DF807}.Release|x86.Build.0 = Release|Any CPU
		{464CD179-FE10-48A4-B71A-D9AAD5D7EF43}.Debug|x86.ActiveCfg = Debug|Any CPU
		{464CD179-FE10-48A4-B71A-D9AAD5D7EF43}.Debug|x86.Build.0 = Debug|Any CPU
		{464CD179-FE10-48A4-B71A-D9AAD5D7EF43}.Release|x86.ActiveCfg = Release|Any CPU
		{464CD179-FE10-48A4-B71A-D9AAD5D7EF43}.Release|x86.Build.0 = Release|Any CPU
	EndGlobalSection
	GlobalSection(SolutionProperties) = preSolution
		HideSolutionNode = FALSE
	EndGlobalSection
	GlobalSection(ExtensibilityGlobals) = postSolution
		SolutionGuid = {3768B07E-B9FE-42B6-8209-844B166F647A}
	EndGlobalSection
EndGlobal
