
Microsoft Visual Studio Solution File, Format Version 12.00
# Visual Studio 15
VisualStudioVersion = 15.0.27703.2035
MinimumVisualStudioVersion = 10.0.40219.1
Project("{FAE04EC0-301F-11D3-BF4B-00C04F79EFBC}") = "QHackLib", "QHackLib\QHackLib.csproj", "{CC1B3A7E-33AA-487D-AE8E-2B5B2CE3FEF1}"
	ProjectSection(ProjectDependencies) = postProject
		{4FA32C01-2B57-4D78-A079-905295575CAD} = {4FA32C01-2B57-4D78-A079-905295575CAD}
	EndProjectSection
EndProject
Project("{FAE04EC0-301F-11D3-BF4B-00C04F79EFBC}") = "QHackLibTest", "QHackLibTest\QHackLibTest.csproj", "{BFD6864F-B3CE-40F9-9707-4EC81EF4D057}"
	ProjectSection(ProjectDependencies) = postProject
		{4FA32C01-2B57-4D78-A079-905295575CAD} = {4FA32C01-2B57-4D78-A079-905295575CAD}
	EndProjectSection
EndProject
Project("{FAE04EC0-301F-11D3-BF4B-00C04F79EFBC}") = "QTRHacker.Functions", "QTRHacker.Functions\QTRHacker.Functions.csproj", "{F7AFCB94-0361-411F-BB41-A84A0F2B6C51}"
	ProjectSection(ProjectDependencies) = postProject
		{455A5286-AA2C-4DF8-A201-B38C45ABB77E} = {455A5286-AA2C-4DF8-A201-B38C45ABB77E}
	EndProjectSection
EndProject
Project("{FAE04EC0-301F-11D3-BF4B-00C04F79EFBC}") = "QTRHacker.Functions.Test", "QTRHacker.Functions.Test\QTRHacker.Functions.Test.csproj", "{E823B32B-5DA3-4D92-8AC3-150A2CFADB26}"
EndProject
Project("{FAE04EC0-301F-11D3-BF4B-00C04F79EFBC}") = "Keystone.Net", "Keystone.Net\Keystone.Net.csproj", "{5E05A43D-2D9A-4F80-B594-D39BDCD20B9D}"
EndProject
Project("{FAE04EC0-301F-11D3-BF4B-00C04F79EFBC}") = "EnvCheck", "EnvCheck\EnvCheck.csproj", "{59CC980D-1DED-4EC3-9F9F-26486F975206}"
EndProject
Project("{FAE04EC0-301F-11D3-BF4B-00C04F79EFBC}") = "UpdateTool", "UpdateTool\UpdateTool.csproj", "{EBFD629B-5D53-4EB8-B2C4-773BCAFBF2AF}"
EndProject
Project("{FAE04EC0-301F-11D3-BF4B-00C04F79EFBC}") = "QTRHacker.NewDimension", "QTRHacker.NewDimension\QTRHacker.NewDimension.csproj", "{C3CC73C7-CE6A-444D-A99B-D9B04BF5E5D8}"
EndProject
Project("{FAE04EC0-301F-11D3-BF4B-00C04F79EFBC}") = "TRInjections", "TRInjections\TRInjections.csproj", "{455A5286-AA2C-4DF8-A201-B38C45ABB77E}"
EndProject
Project("{8BC9CEB8-8B4A-11D0-8D11-00A0C91BC942}") = "QInject", "QInject\QInject.vcxproj", "{4FA32C01-2B57-4D78-A079-905295575CAD}"
EndProject
Project("{FAE04EC0-301F-11D3-BF4B-00C04F79EFBC}") = "QTRInjectionBase", "QTRInjectionBase\QTRInjectionBase.csproj", "{8A518167-06F5-46FA-B0AB-F7AA93858127}"
EndProject
Global
	GlobalSection(SolutionConfigurationPlatforms) = preSolution
		Debug|Any CPU = Debug|Any CPU
		Debug|x64 = Debug|x64
		Debug|x86 = Debug|x86
		Eng|Any CPU = Eng|Any CPU
		Eng|x64 = Eng|x64
		Eng|x86 = Eng|x86
		Release|Any CPU = Release|Any CPU
		Release|x64 = Release|x64
		Release|x86 = Release|x86
	EndGlobalSection
	GlobalSection(ProjectConfigurationPlatforms) = postSolution
		{CC1B3A7E-33AA-487D-AE8E-2B5B2CE3FEF1}.Debug|Any CPU.ActiveCfg = Debug|Any CPU
		{CC1B3A7E-33AA-487D-AE8E-2B5B2CE3FEF1}.Debug|Any CPU.Build.0 = Debug|Any CPU
		{CC1B3A7E-33AA-487D-AE8E-2B5B2CE3FEF1}.Debug|x64.ActiveCfg = Debug|Any CPU
		{CC1B3A7E-33AA-487D-AE8E-2B5B2CE3FEF1}.Debug|x64.Build.0 = Debug|Any CPU
		{CC1B3A7E-33AA-487D-AE8E-2B5B2CE3FEF1}.Debug|x86.ActiveCfg = Debug|Any CPU
		{CC1B3A7E-33AA-487D-AE8E-2B5B2CE3FEF1}.Debug|x86.Build.0 = Debug|Any CPU
		{CC1B3A7E-33AA-487D-AE8E-2B5B2CE3FEF1}.Eng|Any CPU.ActiveCfg = Release|Any CPU
		{CC1B3A7E-33AA-487D-AE8E-2B5B2CE3FEF1}.Eng|Any CPU.Build.0 = Release|Any CPU
		{CC1B3A7E-33AA-487D-AE8E-2B5B2CE3FEF1}.Eng|x64.ActiveCfg = Release|Any CPU
		{CC1B3A7E-33AA-487D-AE8E-2B5B2CE3FEF1}.Eng|x64.Build.0 = Release|Any CPU
		{CC1B3A7E-33AA-487D-AE8E-2B5B2CE3FEF1}.Eng|x86.ActiveCfg = ENG|Any CPU
		{CC1B3A7E-33AA-487D-AE8E-2B5B2CE3FEF1}.Eng|x86.Build.0 = ENG|Any CPU
		{CC1B3A7E-33AA-487D-AE8E-2B5B2CE3FEF1}.Release|Any CPU.ActiveCfg = Release|Any CPU
		{CC1B3A7E-33AA-487D-AE8E-2B5B2CE3FEF1}.Release|Any CPU.Build.0 = Release|Any CPU
		{CC1B3A7E-33AA-487D-AE8E-2B5B2CE3FEF1}.Release|x64.ActiveCfg = Release|Any CPU
		{CC1B3A7E-33AA-487D-AE8E-2B5B2CE3FEF1}.Release|x64.Build.0 = Release|Any CPU
		{CC1B3A7E-33AA-487D-AE8E-2B5B2CE3FEF1}.Release|x86.ActiveCfg = Release|Any CPU
		{CC1B3A7E-33AA-487D-AE8E-2B5B2CE3FEF1}.Release|x86.Build.0 = Release|Any CPU
		{BFD6864F-B3CE-40F9-9707-4EC81EF4D057}.Debug|Any CPU.ActiveCfg = Debug|Any CPU
		{BFD6864F-B3CE-40F9-9707-4EC81EF4D057}.Debug|Any CPU.Build.0 = Debug|Any CPU
		{BFD6864F-B3CE-40F9-9707-4EC81EF4D057}.Debug|x64.ActiveCfg = Debug|Any CPU
		{BFD6864F-B3CE-40F9-9707-4EC81EF4D057}.Debug|x64.Build.0 = Debug|Any CPU
		{BFD6864F-B3CE-40F9-9707-4EC81EF4D057}.Debug|x86.ActiveCfg = Debug|Any CPU
		{BFD6864F-B3CE-40F9-9707-4EC81EF4D057}.Debug|x86.Build.0 = Debug|Any CPU
		{BFD6864F-B3CE-40F9-9707-4EC81EF4D057}.Eng|Any CPU.ActiveCfg = Release|Any CPU
		{BFD6864F-B3CE-40F9-9707-4EC81EF4D057}.Eng|Any CPU.Build.0 = Release|Any CPU
		{BFD6864F-B3CE-40F9-9707-4EC81EF4D057}.Eng|x64.ActiveCfg = Release|Any CPU
		{BFD6864F-B3CE-40F9-9707-4EC81EF4D057}.Eng|x64.Build.0 = Release|Any CPU
		{BFD6864F-B3CE-40F9-9707-4EC81EF4D057}.Eng|x86.ActiveCfg = Release|Any CPU
		{BFD6864F-B3CE-40F9-9707-4EC81EF4D057}.Eng|x86.Build.0 = Release|Any CPU
		{BFD6864F-B3CE-40F9-9707-4EC81EF4D057}.Release|Any CPU.ActiveCfg = Release|Any CPU
		{BFD6864F-B3CE-40F9-9707-4EC81EF4D057}.Release|Any CPU.Build.0 = Release|Any CPU
		{BFD6864F-B3CE-40F9-9707-4EC81EF4D057}.Release|x64.ActiveCfg = Release|Any CPU
		{BFD6864F-B3CE-40F9-9707-4EC81EF4D057}.Release|x64.Build.0 = Release|Any CPU
		{BFD6864F-B3CE-40F9-9707-4EC81EF4D057}.Release|x86.ActiveCfg = Release|Any CPU
		{BFD6864F-B3CE-40F9-9707-4EC81EF4D057}.Release|x86.Build.0 = Release|Any CPU
		{F7AFCB94-0361-411F-BB41-A84A0F2B6C51}.Debug|Any CPU.ActiveCfg = Debug|Any CPU
		{F7AFCB94-0361-411F-BB41-A84A0F2B6C51}.Debug|Any CPU.Build.0 = Debug|Any CPU
		{F7AFCB94-0361-411F-BB41-A84A0F2B6C51}.Debug|x64.ActiveCfg = Debug|Any CPU
		{F7AFCB94-0361-411F-BB41-A84A0F2B6C51}.Debug|x64.Build.0 = Debug|Any CPU
		{F7AFCB94-0361-411F-BB41-A84A0F2B6C51}.Debug|x86.ActiveCfg = Debug|Any CPU
		{F7AFCB94-0361-411F-BB41-A84A0F2B6C51}.Debug|x86.Build.0 = Debug|Any CPU
		{F7AFCB94-0361-411F-BB41-A84A0F2B6C51}.Eng|Any CPU.ActiveCfg = Release|Any CPU
		{F7AFCB94-0361-411F-BB41-A84A0F2B6C51}.Eng|Any CPU.Build.0 = Release|Any CPU
		{F7AFCB94-0361-411F-BB41-A84A0F2B6C51}.Eng|x64.ActiveCfg = Release|Any CPU
		{F7AFCB94-0361-411F-BB41-A84A0F2B6C51}.Eng|x64.Build.0 = Release|Any CPU
		{F7AFCB94-0361-411F-BB41-A84A0F2B6C51}.Eng|x86.ActiveCfg = ENG|Any CPU
		{F7AFCB94-0361-411F-BB41-A84A0F2B6C51}.Eng|x86.Build.0 = ENG|Any CPU
		{F7AFCB94-0361-411F-BB41-A84A0F2B6C51}.Release|Any CPU.ActiveCfg = Release|Any CPU
		{F7AFCB94-0361-411F-BB41-A84A0F2B6C51}.Release|Any CPU.Build.0 = Release|Any CPU
		{F7AFCB94-0361-411F-BB41-A84A0F2B6C51}.Release|x64.ActiveCfg = Release|Any CPU
		{F7AFCB94-0361-411F-BB41-A84A0F2B6C51}.Release|x64.Build.0 = Release|Any CPU
		{F7AFCB94-0361-411F-BB41-A84A0F2B6C51}.Release|x86.ActiveCfg = Release|Any CPU
		{F7AFCB94-0361-411F-BB41-A84A0F2B6C51}.Release|x86.Build.0 = Release|Any CPU
		{E823B32B-5DA3-4D92-8AC3-150A2CFADB26}.Debug|Any CPU.ActiveCfg = Debug|Any CPU
		{E823B32B-5DA3-4D92-8AC3-150A2CFADB26}.Debug|Any CPU.Build.0 = Debug|Any CPU
		{E823B32B-5DA3-4D92-8AC3-150A2CFADB26}.Debug|x64.ActiveCfg = Debug|Any CPU
		{E823B32B-5DA3-4D92-8AC3-150A2CFADB26}.Debug|x64.Build.0 = Debug|Any CPU
		{E823B32B-5DA3-4D92-8AC3-150A2CFADB26}.Debug|x86.ActiveCfg = Debug|Any CPU
		{E823B32B-5DA3-4D92-8AC3-150A2CFADB26}.Debug|x86.Build.0 = Debug|Any CPU
		{E823B32B-5DA3-4D92-8AC3-150A2CFADB26}.Eng|Any CPU.ActiveCfg = Release|Any CPU
		{E823B32B-5DA3-4D92-8AC3-150A2CFADB26}.Eng|Any CPU.Build.0 = Release|Any CPU
		{E823B32B-5DA3-4D92-8AC3-150A2CFADB26}.Eng|x64.ActiveCfg = Release|Any CPU
		{E823B32B-5DA3-4D92-8AC3-150A2CFADB26}.Eng|x64.Build.0 = Release|Any CPU
		{E823B32B-5DA3-4D92-8AC3-150A2CFADB26}.Eng|x86.ActiveCfg = Release|Any CPU
		{E823B32B-5DA3-4D92-8AC3-150A2CFADB26}.Eng|x86.Build.0 = Release|Any CPU
		{E823B32B-5DA3-4D92-8AC3-150A2CFADB26}.Release|Any CPU.ActiveCfg = Release|Any CPU
		{E823B32B-5DA3-4D92-8AC3-150A2CFADB26}.Release|Any CPU.Build.0 = Release|Any CPU
		{E823B32B-5DA3-4D92-8AC3-150A2CFADB26}.Release|x64.ActiveCfg = Release|Any CPU
		{E823B32B-5DA3-4D92-8AC3-150A2CFADB26}.Release|x64.Build.0 = Release|Any CPU
		{E823B32B-5DA3-4D92-8AC3-150A2CFADB26}.Release|x86.ActiveCfg = Release|Any CPU
		{E823B32B-5DA3-4D92-8AC3-150A2CFADB26}.Release|x86.Build.0 = Release|Any CPU
		{5E05A43D-2D9A-4F80-B594-D39BDCD20B9D}.Debug|Any CPU.ActiveCfg = Debug|Any CPU
		{5E05A43D-2D9A-4F80-B594-D39BDCD20B9D}.Debug|Any CPU.Build.0 = Debug|Any CPU
		{5E05A43D-2D9A-4F80-B594-D39BDCD20B9D}.Debug|x64.ActiveCfg = Debug|Any CPU
		{5E05A43D-2D9A-4F80-B594-D39BDCD20B9D}.Debug|x64.Build.0 = Debug|Any CPU
		{5E05A43D-2D9A-4F80-B594-D39BDCD20B9D}.Debug|x86.ActiveCfg = Debug|Any CPU
		{5E05A43D-2D9A-4F80-B594-D39BDCD20B9D}.Debug|x86.Build.0 = Debug|Any CPU
		{5E05A43D-2D9A-4F80-B594-D39BDCD20B9D}.Eng|Any CPU.ActiveCfg = Release|Any CPU
		{5E05A43D-2D9A-4F80-B594-D39BDCD20B9D}.Eng|Any CPU.Build.0 = Release|Any CPU
		{5E05A43D-2D9A-4F80-B594-D39BDCD20B9D}.Eng|x64.ActiveCfg = Release|Any CPU
		{5E05A43D-2D9A-4F80-B594-D39BDCD20B9D}.Eng|x64.Build.0 = Release|Any CPU
		{5E05A43D-2D9A-4F80-B594-D39BDCD20B9D}.Eng|x86.ActiveCfg = Release|Any CPU
		{5E05A43D-2D9A-4F80-B594-D39BDCD20B9D}.Eng|x86.Build.0 = Release|Any CPU
		{5E05A43D-2D9A-4F80-B594-D39BDCD20B9D}.Release|Any CPU.ActiveCfg = Release|Any CPU
		{5E05A43D-2D9A-4F80-B594-D39BDCD20B9D}.Release|Any CPU.Build.0 = Release|Any CPU
		{5E05A43D-2D9A-4F80-B594-D39BDCD20B9D}.Release|x64.ActiveCfg = Release|Any CPU
		{5E05A43D-2D9A-4F80-B594-D39BDCD20B9D}.Release|x64.Build.0 = Release|Any CPU
		{5E05A43D-2D9A-4F80-B594-D39BDCD20B9D}.Release|x86.ActiveCfg = Release|Any CPU
		{5E05A43D-2D9A-4F80-B594-D39BDCD20B9D}.Release|x86.Build.0 = Release|Any CPU
		{59CC980D-1DED-4EC3-9F9F-26486F975206}.Debug|Any CPU.ActiveCfg = Debug|Any CPU
		{59CC980D-1DED-4EC3-9F9F-26486F975206}.Debug|Any CPU.Build.0 = Debug|Any CPU
		{59CC980D-1DED-4EC3-9F9F-26486F975206}.Debug|x64.ActiveCfg = Debug|Any CPU
		{59CC980D-1DED-4EC3-9F9F-26486F975206}.Debug|x64.Build.0 = Debug|Any CPU
		{59CC980D-1DED-4EC3-9F9F-26486F975206}.Debug|x86.ActiveCfg = Debug|Any CPU
		{59CC980D-1DED-4EC3-9F9F-26486F975206}.Debug|x86.Build.0 = Debug|Any CPU
		{59CC980D-1DED-4EC3-9F9F-26486F975206}.Eng|Any CPU.ActiveCfg = Release|Any CPU
		{59CC980D-1DED-4EC3-9F9F-26486F975206}.Eng|Any CPU.Build.0 = Release|Any CPU
		{59CC980D-1DED-4EC3-9F9F-26486F975206}.Eng|x64.ActiveCfg = Release|Any CPU
		{59CC980D-1DED-4EC3-9F9F-26486F975206}.Eng|x64.Build.0 = Release|Any CPU
		{59CC980D-1DED-4EC3-9F9F-26486F975206}.Eng|x86.ActiveCfg = Release|Any CPU
		{59CC980D-1DED-4EC3-9F9F-26486F975206}.Eng|x86.Build.0 = Release|Any CPU
		{59CC980D-1DED-4EC3-9F9F-26486F975206}.Release|Any CPU.ActiveCfg = Release|Any CPU
		{59CC980D-1DED-4EC3-9F9F-26486F975206}.Release|Any CPU.Build.0 = Release|Any CPU
		{59CC980D-1DED-4EC3-9F9F-26486F975206}.Release|x64.ActiveCfg = Release|Any CPU
		{59CC980D-1DED-4EC3-9F9F-26486F975206}.Release|x64.Build.0 = Release|Any CPU
		{59CC980D-1DED-4EC3-9F9F-26486F975206}.Release|x86.ActiveCfg = Release|Any CPU
		{59CC980D-1DED-4EC3-9F9F-26486F975206}.Release|x86.Build.0 = Release|Any CPU
		{EBFD629B-5D53-4EB8-B2C4-773BCAFBF2AF}.Debug|Any CPU.ActiveCfg = Debug|Any CPU
		{EBFD629B-5D53-4EB8-B2C4-773BCAFBF2AF}.Debug|Any CPU.Build.0 = Debug|Any CPU
		{EBFD629B-5D53-4EB8-B2C4-773BCAFBF2AF}.Debug|x64.ActiveCfg = Debug|Any CPU
		{EBFD629B-5D53-4EB8-B2C4-773BCAFBF2AF}.Debug|x64.Build.0 = Debug|Any CPU
		{EBFD629B-5D53-4EB8-B2C4-773BCAFBF2AF}.Debug|x86.ActiveCfg = Debug|Any CPU
		{EBFD629B-5D53-4EB8-B2C4-773BCAFBF2AF}.Debug|x86.Build.0 = Debug|Any CPU
		{EBFD629B-5D53-4EB8-B2C4-773BCAFBF2AF}.Eng|Any CPU.ActiveCfg = Release|Any CPU
		{EBFD629B-5D53-4EB8-B2C4-773BCAFBF2AF}.Eng|Any CPU.Build.0 = Release|Any CPU
		{EBFD629B-5D53-4EB8-B2C4-773BCAFBF2AF}.Eng|x64.ActiveCfg = Release|Any CPU
		{EBFD629B-5D53-4EB8-B2C4-773BCAFBF2AF}.Eng|x64.Build.0 = Release|Any CPU
		{EBFD629B-5D53-4EB8-B2C4-773BCAFBF2AF}.Eng|x86.ActiveCfg = Release|Any CPU
		{EBFD629B-5D53-4EB8-B2C4-773BCAFBF2AF}.Eng|x86.Build.0 = Release|Any CPU
		{EBFD629B-5D53-4EB8-B2C4-773BCAFBF2AF}.Release|Any CPU.ActiveCfg = Release|Any CPU
		{EBFD629B-5D53-4EB8-B2C4-773BCAFBF2AF}.Release|Any CPU.Build.0 = Release|Any CPU
		{EBFD629B-5D53-4EB8-B2C4-773BCAFBF2AF}.Release|x64.ActiveCfg = Release|Any CPU
		{EBFD629B-5D53-4EB8-B2C4-773BCAFBF2AF}.Release|x64.Build.0 = Release|Any CPU
		{EBFD629B-5D53-4EB8-B2C4-773BCAFBF2AF}.Release|x86.ActiveCfg = Release|Any CPU
		{EBFD629B-5D53-4EB8-B2C4-773BCAFBF2AF}.Release|x86.Build.0 = Release|Any CPU
		{C3CC73C7-CE6A-444D-A99B-D9B04BF5E5D8}.Debug|Any CPU.ActiveCfg = Debug|Any CPU
		{C3CC73C7-CE6A-444D-A99B-D9B04BF5E5D8}.Debug|Any CPU.Build.0 = Debug|Any CPU
		{C3CC73C7-CE6A-444D-A99B-D9B04BF5E5D8}.Debug|x64.ActiveCfg = Debug|Any CPU
		{C3CC73C7-CE6A-444D-A99B-D9B04BF5E5D8}.Debug|x64.Build.0 = Debug|Any CPU
		{C3CC73C7-CE6A-444D-A99B-D9B04BF5E5D8}.Debug|x86.ActiveCfg = Debug|Any CPU
		{C3CC73C7-CE6A-444D-A99B-D9B04BF5E5D8}.Debug|x86.Build.0 = Debug|Any CPU
		{C3CC73C7-CE6A-444D-A99B-D9B04BF5E5D8}.Eng|Any CPU.ActiveCfg = Release|Any CPU
		{C3CC73C7-CE6A-444D-A99B-D9B04BF5E5D8}.Eng|Any CPU.Build.0 = Release|Any CPU
		{C3CC73C7-CE6A-444D-A99B-D9B04BF5E5D8}.Eng|x64.ActiveCfg = Release|Any CPU
		{C3CC73C7-CE6A-444D-A99B-D9B04BF5E5D8}.Eng|x64.Build.0 = Release|Any CPU
		{C3CC73C7-CE6A-444D-A99B-D9B04BF5E5D8}.Eng|x86.ActiveCfg = ENG|Any CPU
		{C3CC73C7-CE6A-444D-A99B-D9B04BF5E5D8}.Eng|x86.Build.0 = ENG|Any CPU
		{C3CC73C7-CE6A-444D-A99B-D9B04BF5E5D8}.Release|Any CPU.ActiveCfg = Release|Any CPU
		{C3CC73C7-CE6A-444D-A99B-D9B04BF5E5D8}.Release|Any CPU.Build.0 = Release|Any CPU
		{C3CC73C7-CE6A-444D-A99B-D9B04BF5E5D8}.Release|x64.ActiveCfg = Release|Any CPU
		{C3CC73C7-CE6A-444D-A99B-D9B04BF5E5D8}.Release|x64.Build.0 = Release|Any CPU
		{C3CC73C7-CE6A-444D-A99B-D9B04BF5E5D8}.Release|x86.ActiveCfg = Release|Any CPU
		{C3CC73C7-CE6A-444D-A99B-D9B04BF5E5D8}.Release|x86.Build.0 = Release|Any CPU
		{455A5286-AA2C-4DF8-A201-B38C45ABB77E}.Debug|Any CPU.ActiveCfg = Debug|Any CPU
		{455A5286-AA2C-4DF8-A201-B38C45ABB77E}.Debug|Any CPU.Build.0 = Debug|Any CPU
		{455A5286-AA2C-4DF8-A201-B38C45ABB77E}.Debug|x64.ActiveCfg = Debug|Any CPU
		{455A5286-AA2C-4DF8-A201-B38C45ABB77E}.Debug|x64.Build.0 = Debug|Any CPU
		{455A5286-AA2C-4DF8-A201-B38C45ABB77E}.Debug|x86.ActiveCfg = Debug|Any CPU
		{455A5286-AA2C-4DF8-A201-B38C45ABB77E}.Debug|x86.Build.0 = Debug|Any CPU
		{455A5286-AA2C-4DF8-A201-B38C45ABB77E}.Eng|Any CPU.ActiveCfg = Release|Any CPU
		{455A5286-AA2C-4DF8-A201-B38C45ABB77E}.Eng|Any CPU.Build.0 = Release|Any CPU
		{455A5286-AA2C-4DF8-A201-B38C45ABB77E}.Eng|x64.ActiveCfg = Release|Any CPU
		{455A5286-AA2C-4DF8-A201-B38C45ABB77E}.Eng|x64.Build.0 = Release|Any CPU
		{455A5286-AA2C-4DF8-A201-B38C45ABB77E}.Eng|x86.ActiveCfg = ENG|Any CPU
		{455A5286-AA2C-4DF8-A201-B38C45ABB77E}.Eng|x86.Build.0 = ENG|Any CPU
		{455A5286-AA2C-4DF8-A201-B38C45ABB77E}.Release|Any CPU.ActiveCfg = Release|Any CPU
		{455A5286-AA2C-4DF8-A201-B38C45ABB77E}.Release|Any CPU.Build.0 = Release|Any CPU
		{455A5286-AA2C-4DF8-A201-B38C45ABB77E}.Release|x64.ActiveCfg = Release|Any CPU
		{455A5286-AA2C-4DF8-A201-B38C45ABB77E}.Release|x64.Build.0 = Release|Any CPU
		{455A5286-AA2C-4DF8-A201-B38C45ABB77E}.Release|x86.ActiveCfg = Release|Any CPU
		{455A5286-AA2C-4DF8-A201-B38C45ABB77E}.Release|x86.Build.0 = Release|Any CPU
		{4FA32C01-2B57-4D78-A079-905295575CAD}.Debug|Any CPU.ActiveCfg = Debug|Win32
		{4FA32C01-2B57-4D78-A079-905295575CAD}.Debug|x64.ActiveCfg = Debug|x64
		{4FA32C01-2B57-4D78-A079-905295575CAD}.Debug|x64.Build.0 = Debug|x64
		{4FA32C01-2B57-4D78-A079-905295575CAD}.Debug|x86.ActiveCfg = Debug|Win32
		{4FA32C01-2B57-4D78-A079-905295575CAD}.Debug|x86.Build.0 = Debug|Win32
		{4FA32C01-2B57-4D78-A079-905295575CAD}.Eng|Any CPU.ActiveCfg = Release|x64
		{4FA32C01-2B57-4D78-A079-905295575CAD}.Eng|Any CPU.Build.0 = Release|x64
		{4FA32C01-2B57-4D78-A079-905295575CAD}.Eng|x64.ActiveCfg = Release|x64
		{4FA32C01-2B57-4D78-A079-905295575CAD}.Eng|x64.Build.0 = Release|x64
		{4FA32C01-2B57-4D78-A079-905295575CAD}.Eng|x86.ActiveCfg = Release|Win32
		{4FA32C01-2B57-4D78-A079-905295575CAD}.Eng|x86.Build.0 = Release|Win32
		{4FA32C01-2B57-4D78-A079-905295575CAD}.Release|Any CPU.ActiveCfg = Release|Win32
		{4FA32C01-2B57-4D78-A079-905295575CAD}.Release|x64.ActiveCfg = Release|x64
		{4FA32C01-2B57-4D78-A079-905295575CAD}.Release|x64.Build.0 = Release|x64
		{4FA32C01-2B57-4D78-A079-905295575CAD}.Release|x86.ActiveCfg = Release|Win32
		{4FA32C01-2B57-4D78-A079-905295575CAD}.Release|x86.Build.0 = Release|Win32
		{8A518167-06F5-46FA-B0AB-F7AA93858127}.Debug|Any CPU.ActiveCfg = Debug|Any CPU
		{8A518167-06F5-46FA-B0AB-F7AA93858127}.Debug|Any CPU.Build.0 = Debug|Any CPU
		{8A518167-06F5-46FA-B0AB-F7AA93858127}.Debug|x64.ActiveCfg = Debug|Any CPU
		{8A518167-06F5-46FA-B0AB-F7AA93858127}.Debug|x64.Build.0 = Debug|Any CPU
		{8A518167-06F5-46FA-B0AB-F7AA93858127}.Debug|x86.ActiveCfg = Debug|Any CPU
		{8A518167-06F5-46FA-B0AB-F7AA93858127}.Debug|x86.Build.0 = Debug|Any CPU
		{8A518167-06F5-46FA-B0AB-F7AA93858127}.Eng|Any CPU.ActiveCfg = Release|Any CPU
		{8A518167-06F5-46FA-B0AB-F7AA93858127}.Eng|Any CPU.Build.0 = Release|Any CPU
		{8A518167-06F5-46FA-B0AB-F7AA93858127}.Eng|x64.ActiveCfg = Release|Any CPU
		{8A518167-06F5-46FA-B0AB-F7AA93858127}.Eng|x64.Build.0 = Release|Any CPU
		{8A518167-06F5-46FA-B0AB-F7AA93858127}.Eng|x86.ActiveCfg = ENG|Any CPU
		{8A518167-06F5-46FA-B0AB-F7AA93858127}.Eng|x86.Build.0 = ENG|Any CPU
		{8A518167-06F5-46FA-B0AB-F7AA93858127}.Release|Any CPU.ActiveCfg = Release|Any CPU
		{8A518167-06F5-46FA-B0AB-F7AA93858127}.Release|Any CPU.Build.0 = Release|Any CPU
		{8A518167-06F5-46FA-B0AB-F7AA93858127}.Release|x64.ActiveCfg = Release|Any CPU
		{8A518167-06F5-46FA-B0AB-F7AA93858127}.Release|x64.Build.0 = Release|Any CPU
		{8A518167-06F5-46FA-B0AB-F7AA93858127}.Release|x86.ActiveCfg = Release|Any CPU
		{8A518167-06F5-46FA-B0AB-F7AA93858127}.Release|x86.Build.0 = Release|Any CPU
	EndGlobalSection
	GlobalSection(SolutionProperties) = preSolution
		HideSolutionNode = FALSE
	EndGlobalSection
	GlobalSection(ExtensibilityGlobals) = postSolution
		SolutionGuid = {3768B07E-B9FE-42B6-8209-844B166F647A}
	EndGlobalSection
EndGlobal
