<?xml version="1.0" encoding="utf-8"?>
<Project ToolsVersion="4.0" xmlns="http://schemas.microsoft.com/developer/msbuild/2003">
  <ItemGroup>
    <Filter Include="Source Files">
      <UniqueIdentifier>{4FC737F1-C7A5-4376-A066-2A32D752A2FF}</UniqueIdentifier>
      <Extensions>cpp;c;cc;cxx;def;odl;idl;hpj;bat;asm;asmx</Extensions>
    </Filter>
    <Filter Include="Header Files">
      <UniqueIdentifier>{93995380-89BD-4b04-88EB-625FBE52EBFB}</UniqueIdentifier>
      <Extensions>h;hh;hpp;hxx;hm;inl;inc;xsd</Extensions>
    </Filter>
    <Filter Include="Resource Files">
      <UniqueIdentifier>{67DA6AB6-F800-4c08-8B7A-83BB121AAD01}</UniqueIdentifier>
      <Extensions>rc;ico;cur;bmp;dlg;rc2;rct;bin;rgs;gif;jpg;jpeg;jpe;resx;tiff;tif;png;wav;mfcribbon-ms</Extensions>
    </Filter>
    <Filter Include="Header Files\asmjit">
      <UniqueIdentifier>{b2be33b3-9267-473e-9e41-b3175958b18a}</UniqueIdentifier>
    </Filter>
    <Filter Include="Source Files\asmjit">
      <UniqueIdentifier>{adbc7c2e-7bf7-4611-bb3b-d95cc6825926}</UniqueIdentifier>
    </Filter>
    <Filter Include="Source Files\asmjit\base">
      <UniqueIdentifier>{0c3adb9e-bf84-4bbb-8a14-1d713101b7ce}</UniqueIdentifier>
    </Filter>
    <Filter Include="Source Files\asmjit\x86">
      <UniqueIdentifier>{6816df17-0604-459e-b748-a867a5351c44}</UniqueIdentifier>
    </Filter>
    <Filter Include="Header Files\asmjit\base">
      <UniqueIdentifier>{6362791b-9ce5-4d2d-b42b-3894b7ee29b6}</UniqueIdentifier>
    </Filter>
    <Filter Include="Header Files\asmjit\x86">
      <UniqueIdentifier>{b007b287-a21e-4f58-ab09-e9acc909af09}</UniqueIdentifier>
    </Filter>
    <Filter Include="Source Files\asmtk">
      <UniqueIdentifier>{ffe6760c-25fc-425d-906e-aa48d29ab1e1}</UniqueIdentifier>
    </Filter>
    <Filter Include="Header Files\asmtk">
      <UniqueIdentifier>{2122fa7d-afa8-4557-9db6-9a0e55a2e453}</UniqueIdentifier>
    </Filter>
  </ItemGroup>
  <ItemGroup>
    <ClInclude Include="asmjit\src\asmjit\arm.h">
      <Filter>Header Files\asmjit</Filter>
    </ClInclude>
    <ClInclude Include="asmjit\src\asmjit\asmjit.h">
      <Filter>Header Files\asmjit</Filter>
    </ClInclude>
    <ClInclude Include="asmjit\src\asmjit\asmjit_apibegin.h">
      <Filter>Header Files\asmjit</Filter>
    </ClInclude>
    <ClInclude Include="asmjit\src\asmjit\asmjit_build.h">
      <Filter>Header Files\asmjit</Filter>
    </ClInclude>
    <ClInclude Include="asmjit\src\asmjit\base.h">
      <Filter>Header Files\asmjit</Filter>
    </ClInclude>
    <ClInclude Include="asmjit\src\asmjit\x86.h">
      <Filter>Header Files\asmjit</Filter>
    </ClInclude>
    <ClInclude Include="asmjit\src\asmjit\base\arch.h">
      <Filter>Header Files\asmjit\base</Filter>
    </ClInclude>
    <ClInclude Include="asmjit\src\asmjit\base\assembler.h">
      <Filter>Header Files\asmjit\base</Filter>
    </ClInclude>
    <ClInclude Include="asmjit\src\asmjit\base\codebuilder.h">
      <Filter>Header Files\asmjit\base</Filter>
    </ClInclude>
    <ClInclude Include="asmjit\src\asmjit\base\codecompiler.h">
      <Filter>Header Files\asmjit\base</Filter>
    </ClInclude>
    <ClInclude Include="asmjit\src\asmjit\base\codeemitter.h">
      <Filter>Header Files\asmjit\base</Filter>
    </ClInclude>
    <ClInclude Include="asmjit\src\asmjit\base\codeholder.h">
      <Filter>Header Files\asmjit\base</Filter>
    </ClInclude>
    <ClInclude Include="asmjit\src\asmjit\base\constpool.h">
      <Filter>Header Files\asmjit\base</Filter>
    </ClInclude>
    <ClInclude Include="asmjit\src\asmjit\base\cpuinfo.h">
      <Filter>Header Files\asmjit\base</Filter>
    </ClInclude>
    <ClInclude Include="asmjit\src\asmjit\base\func.h">
      <Filter>Header Files\asmjit\base</Filter>
    </ClInclude>
    <ClInclude Include="asmjit\src\asmjit\base\globals.h">
      <Filter>Header Files\asmjit\base</Filter>
    </ClInclude>
    <ClInclude Include="asmjit\src\asmjit\base\logging.h">
      <Filter>Header Files\asmjit\base</Filter>
    </ClInclude>
    <ClInclude Include="asmjit\src\asmjit\base\operand.h">
      <Filter>Header Files\asmjit\base</Filter>
    </ClInclude>
    <ClInclude Include="asmjit\src\asmjit\base\osutils.h">
      <Filter>Header Files\asmjit\base</Filter>
    </ClInclude>
    <ClInclude Include="asmjit\src\asmjit\base\regalloc_p.h">
      <Filter>Header Files\asmjit\base</Filter>
    </ClInclude>
    <ClInclude Include="asmjit\src\asmjit\base\runtime.h">
      <Filter>Header Files\asmjit\base</Filter>
    </ClInclude>
    <ClInclude Include="asmjit\src\asmjit\base\simdtypes.h">
      <Filter>Header Files\asmjit\base</Filter>
    </ClInclude>
    <ClInclude Include="asmjit\src\asmjit\base\string.h">
      <Filter>Header Files\asmjit\base</Filter>
    </ClInclude>
    <ClInclude Include="asmjit\src\asmjit\base\utils.h">
      <Filter>Header Files\asmjit\base</Filter>
    </ClInclude>
    <ClInclude Include="asmjit\src\asmjit\base\vmem.h">
      <Filter>Header Files\asmjit\base</Filter>
    </ClInclude>
    <ClInclude Include="asmjit\src\asmjit\base\zone.h">
      <Filter>Header Files\asmjit\base</Filter>
    </ClInclude>
    <ClInclude Include="asmjit\src\asmjit\x86\x86assembler.h">
      <Filter>Header Files\asmjit\x86</Filter>
    </ClInclude>
    <ClInclude Include="asmjit\src\asmjit\x86\x86compiler.h">
      <Filter>Header Files\asmjit\x86</Filter>
    </ClInclude>
    <ClInclude Include="asmjit\src\asmjit\x86\x86emitter.h">
      <Filter>Header Files\asmjit\x86</Filter>
    </ClInclude>
    <ClInclude Include="asmjit\src\asmjit\x86\x86inst.h">
      <Filter>Header Files\asmjit\x86</Filter>
    </ClInclude>
    <ClInclude Include="asmjit\src\asmjit\x86\x86internal_p.h">
      <Filter>Header Files\asmjit\x86</Filter>
    </ClInclude>
    <ClInclude Include="asmjit\src\asmjit\x86\x86misc.h">
      <Filter>Header Files\asmjit\x86</Filter>
    </ClInclude>
    <ClInclude Include="asmjit\src\asmjit\x86\x86operand.h">
      <Filter>Header Files\asmjit\x86</Filter>
    </ClInclude>
    <ClInclude Include="asmjit\src\asmjit\x86\x86regalloc_p.h">
      <Filter>Header Files\asmjit\x86</Filter>
    </ClInclude>
    <ClInclude Include="asmtk\src\asmtk\asmparser.h">
      <Filter>Header Files\asmtk</Filter>
    </ClInclude>
    <ClInclude Include="asmtk\src\asmtk\asmtk.h">
      <Filter>Header Files\asmtk</Filter>
    </ClInclude>
    <ClInclude Include="asmtk\src\asmtk\asmtokenizer.h">
      <Filter>Header Files\asmtk</Filter>
    </ClInclude>
    <ClInclude Include="asmtk\src\asmtk\strtod.h">
      <Filter>Header Files\asmtk</Filter>
    </ClInclude>
    <ClInclude Include="asmjit\src\asmjit\asmjit_apiend.h">
      <Filter>Header Files\asmjit</Filter>
    </ClInclude>
    <ClInclude Include="asmjit\src\asmjit\base\inst.h">
      <Filter>Header Files\asmjit\base</Filter>
    </ClInclude>
    <ClInclude Include="asmjit\src\asmjit\base\misc_p.h">
      <Filter>Header Files\asmjit\base</Filter>
    </ClInclude>
    <ClInclude Include="asmjit\src\asmjit\x86\x86builder.h">
      <Filter>Header Files\asmjit\x86</Filter>
    </ClInclude>
    <ClInclude Include="asmjit\src\asmjit\x86\x86globals.h">
      <Filter>Header Files\asmjit\x86</Filter>
    </ClInclude>
    <ClInclude Include="asmjit\src\asmjit\x86\x86instimpl_p.h">
      <Filter>Header Files\asmjit\x86</Filter>
    </ClInclude>
    <ClInclude Include="asmjit\src\asmjit\x86\x86logging_p.h">
      <Filter>Header Files\asmjit\x86</Filter>
    </ClInclude>
    <ClInclude Include="asmtk\src\asmtk\elfdefs.h">
      <Filter>Header Files\asmtk</Filter>
    </ClInclude>
    <ClInclude Include="asmtk\src\asmtk\globals.h">
      <Filter>Header Files\asmtk</Filter>
    </ClInclude>
  </ItemGroup>
  <ItemGroup>
    <ClCompile Include="asmjit\src\asmjit\base\arch.cpp">
      <Filter>Source Files\asmjit\base</Filter>
    </ClCompile>
    <ClCompile Include="asmjit\src\asmjit\base\assembler.cpp">
      <Filter>Source Files\asmjit\base</Filter>
    </ClCompile>
    <ClCompile Include="asmjit\src\asmjit\base\codebuilder.cpp">
      <Filter>Source Files\asmjit\base</Filter>
    </ClCompile>
    <ClCompile Include="asmjit\src\asmjit\base\codecompiler.cpp">
      <Filter>Source Files\asmjit\base</Filter>
    </ClCompile>
    <ClCompile Include="asmjit\src\asmjit\base\codeemitter.cpp">
      <Filter>Source Files\asmjit\base</Filter>
    </ClCompile>
    <ClCompile Include="asmjit\src\asmjit\base\codeholder.cpp">
      <Filter>Source Files\asmjit\base</Filter>
    </ClCompile>
    <ClCompile Include="asmjit\src\asmjit\base\constpool.cpp">
      <Filter>Source Files\asmjit\base</Filter>
    </ClCompile>
    <ClCompile Include="asmjit\src\asmjit\base\cpuinfo.cpp">
      <Filter>Source Files\asmjit\base</Filter>
    </ClCompile>
    <ClCompile Include="asmjit\src\asmjit\base\func.cpp">
      <Filter>Source Files\asmjit\base</Filter>
    </ClCompile>
    <ClCompile Include="asmjit\src\asmjit\base\globals.cpp">
      <Filter>Source Files\asmjit\base</Filter>
    </ClCompile>
    <ClCompile Include="asmjit\src\asmjit\base\logging.cpp">
      <Filter>Source Files\asmjit\base</Filter>
    </ClCompile>
    <ClCompile Include="asmjit\src\asmjit\base\operand.cpp">
      <Filter>Source Files\asmjit\base</Filter>
    </ClCompile>
    <ClCompile Include="asmjit\src\asmjit\base\osutils.cpp">
      <Filter>Source Files\asmjit\base</Filter>
    </ClCompile>
    <ClCompile Include="asmjit\src\asmjit\base\regalloc.cpp">
      <Filter>Source Files\asmjit\base</Filter>
    </ClCompile>
    <ClCompile Include="asmjit\src\asmjit\base\runtime.cpp">
      <Filter>Source Files\asmjit\base</Filter>
    </ClCompile>
    <ClCompile Include="asmjit\src\asmjit\base\string.cpp">
      <Filter>Source Files\asmjit\base</Filter>
    </ClCompile>
    <ClCompile Include="asmjit\src\asmjit\base\utils.cpp">
      <Filter>Source Files\asmjit\base</Filter>
    </ClCompile>
    <ClCompile Include="asmjit\src\asmjit\base\vmem.cpp">
      <Filter>Source Files\asmjit\base</Filter>
    </ClCompile>
    <ClCompile Include="asmjit\src\asmjit\base\zone.cpp">
      <Filter>Source Files\asmjit\base</Filter>
    </ClCompile>
    <ClCompile Include="asmjit\src\asmjit\x86\x86assembler.cpp">
      <Filter>Source Files\asmjit\x86</Filter>
    </ClCompile>
    <ClCompile Include="asmjit\src\asmjit\x86\x86compiler.cpp">
      <Filter>Source Files\asmjit\x86</Filter>
    </ClCompile>
    <ClCompile Include="asmjit\src\asmjit\x86\x86inst.cpp">
      <Filter>Source Files\asmjit\x86</Filter>
    </ClCompile>
    <ClCompile Include="asmjit\src\asmjit\x86\x86internal.cpp">
      <Filter>Source Files\asmjit\x86</Filter>
    </ClCompile>
    <ClCompile Include="asmjit\src\asmjit\x86\x86logging.cpp">
      <Filter>Source Files\asmjit\x86</Filter>
    </ClCompile>
    <ClCompile Include="asmjit\src\asmjit\x86\x86operand.cpp">
      <Filter>Source Files\asmjit\x86</Filter>
    </ClCompile>
    <ClCompile Include="asmjit\src\asmjit\x86\x86operand_regs.cpp">
      <Filter>Source Files\asmjit\x86</Filter>
    </ClCompile>
    <ClCompile Include="asmjit\src\asmjit\x86\x86regalloc.cpp">
      <Filter>Source Files\asmjit\x86</Filter>
    </ClCompile>
    <ClCompile Include="asmtk\src\asmtk\asmparser.cpp">
      <Filter>Source Files\asmtk</Filter>
    </ClCompile>
    <ClCompile Include="asmtk\src\asmtk\asmtokenizer.cpp">
      <Filter>Source Files\asmtk</Filter>
    </ClCompile>
    <ClCompile Include="asmjit\src\asmjit\base\inst.cpp">
      <Filter>Source Files\asmjit\base</Filter>
    </ClCompile>
    <ClCompile Include="asmjit\src\asmjit\x86\x86builder.cpp">
      <Filter>Source Files\asmjit\x86</Filter>
    </ClCompile>
    <ClCompile Include="asmjit\src\asmjit\x86\x86instimpl.cpp">
      <Filter>Source Files\asmjit\x86</Filter>
    </ClCompile>
    <ClCompile Include="main.cpp">
      <Filter>Source Files</Filter>
    </ClCompile>
  </ItemGroup>
</Project>